{
  "requires": true,
  "lockfileVersion": 1,
  "dependencies": {
    "@types/chai": {
      "version": "4.2.3",
      "resolved": "https://registry.npmjs.org/@types/chai/-/chai-4.2.3.tgz",
      "integrity": "sha512-VRw2xEGbll3ZiTQ4J02/hUjNqZoue1bMhoo2dgM2LXjDdyaq4q80HgBDHwpI0/VKlo4Eg+BavyQMv/NYgTetzA=="
    },
    "@types/mocha": {
      "version": "5.2.7",
      "resolved": "https://registry.npmjs.org/@types/mocha/-/mocha-5.2.7.tgz",
      "integrity": "sha512-NYrtPht0wGzhwe9+/idPaBB+TqkY9AhTvOLMkThm0IoEfLaiVQZwBwyJ5puCkO3AUCWrmcoePjp2mbFocKy4SQ=="
    }
  }
}
